
Microsoft Visual Studio Solution File, Format Version 12.00
# Visual Studio Version 16
VisualStudioVersion = 16.0.30011.22
MinimumVisualStudioVersion = 10.0.40219.1
Project("{9A19103F-16F7-4668-BE54-9A1E7A4F7556}") = "FruitApi", "FruitApi\FruitApi.csproj", "{09FFBED9-8F6E-4608-A73A-E54BF3CF3413}"
EndProject
Project("{FAE04EC0-301F-11D3-BF4B-00C04F79EFBC}") = "FruitApiTest", "FruitApiTest\FruitApiTest.csproj", "{7495C6A4-9C78-444C-9215-0F7D0B43797F}"
EndProject
Global
	GlobalSection(SolutionConfigurationPlatforms) = preSolution
		Debug|Any CPU = Debug|Any CPU
		Release|Any CPU = Release|Any CPU
	EndGlobalSection
	GlobalSection(ProjectConfigurationPlatforms) = postSolution
		{09FFBED9-8F6E-4608-A73A-E54BF3CF3413}.Debug|Any CPU.ActiveCfg = Debug|Any CPU
		{09FFBED9-8F6E-4608-A73A-E54BF3CF3413}.Debug|Any CPU.Build.0 = Debug|Any CPU
		{09FFBED9-8F6E-4608-A73A-E54BF3CF3413}.Release|Any CPU.ActiveCfg = Release|Any CPU
		{09FFBED9-8F6E-4608-A73A-E54BF3CF3413}.Release|Any CPU.Build.0 = Release|Any CPU
		{7495C6A4-9C78-444C-9215-0F7D0B43797F}.Debug|Any CPU.ActiveCfg = Debug|Any CPU
		{7495C6A4-9C78-444C-9215-0F7D0B43797F}.Debug|Any CPU.Build.0 = Debug|Any CPU
		{7495C6A4-9C78-444C-9215-0F7D0B43797F}.Release|Any CPU.ActiveCfg = Release|Any CPU
		{7495C6A4-9C78-444C-9215-0F7D0B43797F}.Release|Any CPU.Build.0 = Release|Any CPU
	EndGlobalSection
	GlobalSection(SolutionProperties) = preSolution
		HideSolutionNode = FALSE
	EndGlobalSection
	GlobalSection(ExtensibilityGlobals) = postSolution
		SolutionGuid = {6965D6A5-3369-4D91-8D83-7F8F81D8374D}
	EndGlobalSection
EndGlobal
